
Microsoft Visual Studio Solution File, Format Version 12.00
# Visual Studio 15
VisualStudioVersion = 15.0.27703.2042
MinimumVisualStudioVersion = 10.0.40219.1
Project("{FAE04EC0-301F-11D3-BF4B-00C04F79EFBC}") = "ProyectoFinal", "ProyectoFinal\ProyectoFinal.csproj", "{77B2AE55-7AB5-429E-8CF7-C419C73B28F2}"
EndProject
Global
	GlobalSection(SolutionConfigurationPlatforms) = preSolution
		Debug|Any CPU = Debug|Any CPU
		Release|Any CPU = Release|Any CPU
	EndGlobalSection
	GlobalSection(ProjectConfigurationPlatforms) = postSolution
		{77B2AE55-7AB5-429E-8CF7-C419C73B28F2}.Debug|Any CPU.ActiveCfg = Debug|Any CPU
		{77B2AE55-7AB5-429E-8CF7-C419C73B28F2}.Debug|Any CPU.Build.0 = Debug|Any CPU
		{77B2AE55-7AB5-429E-8CF7-C419C73B28F2}.Release|Any CPU.ActiveCfg = Release|Any CPU
		{77B2AE55-7AB5-429E-8CF7-C419C73B28F2}.Release|Any CPU.Build.0 = Release|Any CPU
	EndGlobalSection
	GlobalSection(SolutionProperties) = preSolution
		HideSolutionNode = FALSE
	EndGlobalSection
	GlobalSection(ExtensibilityGlobals) = postSolution
		SolutionGuid = {E17AC1B6-0074-48BB-BB91-CE14032C1A14}
	EndGlobalSection
EndGlobal
